
Microsoft Visual Studio Solution File, Format Version 12.00
# Visual Studio Version 16
VisualStudioVersion = 16.0.30204.135
MinimumVisualStudioVersion = 10.0.40219.1
Project("{FAE04EC0-301F-11D3-BF4B-00C04F79EFBC}") = "Duplicate_Software_Finder", "Duplicate_Software_Finder\Duplicate_Software_Finder.csproj", "{448384DF-DC02-493B-AD5D-3E5DFF74CFF7}"
EndProject
Global
	GlobalSection(SolutionConfigurationPlatforms) = preSolution
		Debug|Any CPU = Debug|Any CPU
		Release|Any CPU = Release|Any CPU
	EndGlobalSection
	GlobalSection(ProjectConfigurationPlatforms) = postSolution
		{448384DF-DC02-493B-AD5D-3E5DFF74CFF7}.Debug|Any CPU.ActiveCfg = Debug|Any CPU
		{448384DF-DC02-493B-AD5D-3E5DFF74CFF7}.Debug|Any CPU.Build.0 = Debug|Any CPU
		{448384DF-DC02-493B-AD5D-3E5DFF74CFF7}.Release|Any CPU.ActiveCfg = Release|Any CPU
		{448384DF-DC02-493B-AD5D-3E5DFF74CFF7}.Release|Any CPU.Build.0 = Release|Any CPU
	EndGlobalSection
	GlobalSection(SolutionProperties) = preSolution
		HideSolutionNode = FALSE
	EndGlobalSection
	GlobalSection(ExtensibilityGlobals) = postSolution
		SolutionGuid = {0F13EDBB-9803-4A0E-AF40-37C392E1926C}
	EndGlobalSection
EndGlobal
